// !$*UTF8*$!
{
	archiveVersion = 1;
	classes = {
	};
	objectVersion = 56;
	objects = {

/* Begin PBXBuildFile section */
		5BB1DFA02B16109A006FD7FA /* AppDelegate.swift in Sources */ = {isa = PBXBuildFile; fileRef = 5BB1DF9F2B16109A006FD7FA /* AppDelegate.swift */; };
		5BB1DFA22B16109A006FD7FA /* SceneDelegate.swift in Sources */ = {isa = PBXBuildFile; fileRef = 5BB1DFA12B16109A006FD7FA /* SceneDelegate.swift */; };
		5BB1DFA72B16109A006FD7FA /* Main.storyboard in Resources */ = {isa = PBXBuildFile; fileRef = 5BB1DFA52B16109A006FD7FA /* Main.storyboard */; };
		5BB1DFA92B16109B006FD7FA /* Assets.xcassets in Resources */ = {isa = PBXBuildFile; fileRef = 5BB1DFA82B16109B006FD7FA /* Assets.xcassets */; };
		5BB1DFAC2B16109B006FD7FA /* LaunchScreen.storyboard in Resources */ = {isa = PBXBuildFile; fileRef = 5BB1DFAA2B16109B006FD7FA /* LaunchScreen.storyboard */; };
		5BB1DFB42B161107006FD7FA /* ViewController.swift in Sources */ = {isa = PBXBuildFile; fileRef = 5BB1DFB32B161107006FD7FA /* ViewController.swift */; };
		5BB1DFB82B16111E006FD7FA /* DetailViewCollectionViewCell.swift in Sources */ = {isa = PBXBuildFile; fileRef = 5BB1DFB52B16111E006FD7FA /* DetailViewCollectionViewCell.swift */; };
		5BB1DFB92B16111E006FD7FA /* DetailViewController.swift in Sources */ = {isa = PBXBuildFile; fileRef = 5BB1DFB62B16111E006FD7FA /* DetailViewController.swift */; };
		5BB1DFBA2B16111E006FD7FA /* RecentProductTableViewCell.swift in Sources */ = {isa = PBXBuildFile; fileRef = 5BB1DFB72B16111E006FD7FA /* RecentProductTableViewCell.swift */; };
		5BB1DFBC2B16112E006FD7FA /* MenuCollectionViewCell.swift in Sources */ = {isa = PBXBuildFile; fileRef = 5BB1DFBB2B16112E006FD7FA /* MenuCollectionViewCell.swift */; };
		5BB1DFBE2B16116B006FD7FA /* ProductCollectionViewCell.swift in Sources */ = {isa = PBXBuildFile; fileRef = 5BB1DFBD2B16116B006FD7FA /* ProductCollectionViewCell.swift */; };
		5BF129EE2B173B3300FD8D70 /* InitialViewController.swift in Sources */ = {isa = PBXBuildFile; fileRef = 5BF129ED2B173B3300FD8D70 /* InitialViewController.swift */; };
/* End PBXBuildFile section */

/* Begin PBXFileReference section */
		5BB1DF9C2B16109A006FD7FA /* Product1.app */ = {isa = PBXFileReference; explicitFileType = wrapper.application; includeInIndex = 0; path = Product1.app; sourceTree = BUILT_PRODUCTS_DIR; };
		5BB1DF9F2B16109A006FD7FA /* AppDelegate.swift */ = {isa = PBXFileReference; lastKnownFileType = sourcecode.swift; path = AppDelegate.swift; sourceTree = "<group>"; };
		5BB1DFA12B16109A006FD7FA /* SceneDelegate.swift */ = {isa = PBXFileReference; lastKnownFileType = sourcecode.swift; path = SceneDelegate.swift; sourceTree = "<group>"; };
		5BB1DFA62B16109A006FD7FA /* Base */ = {isa = PBXFileReference; lastKnownFileType = file.storyboard; name = Base; path = Base.lproj/Main.storyboard; sourceTree = "<group>"; };
		5BB1DFA82B16109B006FD7FA /* Assets.xcassets */ = {isa = PBXFileReference; lastKnownFileType = folder.assetcatalog; path = Assets.xcassets; sourceTree = "<group>"; };
		5BB1DFAB2B16109B006FD7FA /* Base */ = {isa = PBXFileReference; lastKnownFileType = file.storyboard; name = Base; path = Base.lproj/LaunchScreen.storyboard; sourceTree = "<group>"; };
		5BB1DFB32B161107006FD7FA /* ViewController.swift */ = {isa = PBXFileReference; fileEncoding = 4; lastKnownFileType = sourcecode.swift; path = ViewController.swift; sourceTree = "<group>"; };
		5BB1DFB52B16111E006FD7FA /* DetailViewCollectionViewCell.swift */ = {isa = PBXFileReference; fileEncoding = 4; lastKnownFileType = sourcecode.swift; path = DetailViewCollectionViewCell.swift; sourceTree = "<group>"; };
		5BB1DFB62B16111E006FD7FA /* DetailViewController.swift */ = {isa = PBXFileReference; fileEncoding = 4; lastKnownFileType = sourcecode.swift; path = DetailViewController.swift; sourceTree = "<group>"; };
		5BB1DFB72B16111E006FD7FA /* RecentProductTableViewCell.swift */ = {isa = PBXFileReference; fileEncoding = 4; lastKnownFileType = sourcecode.swift; path = RecentProductTableViewCell.swift; sourceTree = "<group>"; };
		5BB1DFBB2B16112E006FD7FA /* MenuCollectionViewCell.swift */ = {isa = PBXFileReference; fileEncoding = 4; lastKnownFileType = sourcecode.swift; path = MenuCollectionViewCell.swift; sourceTree = "<group>"; };
		5BB1DFBD2B16116B006FD7FA /* ProductCollectionViewCell.swift */ = {isa = PBXFileReference; fileEncoding = 4; lastKnownFileType = sourcecode.swift; path = ProductCollectionViewCell.swift; sourceTree = "<group>"; };
		5BF129ED2B173B3300FD8D70 /* InitialViewController.swift */ = {isa = PBXFileReference; lastKnownFileType = sourcecode.swift; path = InitialViewController.swift; sourceTree = "<group>"; };
/* End PBXFileReference section */

/* Begin PBXFrameworksBuildPhase section */
		5BB1DF992B16109A006FD7FA /* Frameworks */ = {
			isa = PBXFrameworksBuildPhase;
			buildActionMask = 2147483647;
			files = (
			);
			runOnlyForDeploymentPostprocessing = 0;
		};
/* End PBXFrameworksBuildPhase section */

/* Begin PBXGroup section */
		5BB1DF932B16109A006FD7FA = {
			isa = PBXGroup;
			children = (
				5BB1DF9E2B16109A006FD7FA /* Product1 */,
				5BB1DF9D2B16109A006FD7FA /* Products */,
			);
			sourceTree = "<group>";
		};
		5BB1DF9D2B16109A006FD7FA /* Products */ = {
			isa = PBXGroup;
			children = (
				5BB1DF9C2B16109A006FD7FA /* Product1.app */,
			);
			name = Products;
			sourceTree = "<group>";
		};
		5BB1DF9E2B16109A006FD7FA /* Product1 */ = {
			isa = PBXGroup;
			children = (
				5BB1DF9F2B16109A006FD7FA /* AppDelegate.swift */,
				5BB1DFA12B16109A006FD7FA /* SceneDelegate.swift */,
				5BB436B72B16EE0500FB396C /* Controller */,
				5BB436B62B16EDF700FB396C /* Moduel */,
				5BB436B82B16EE2800FB396C /* CollectionViewCell */,
				5BB436B92B16EE4A00FB396C /* TableViewCell */,
				5BB1DFA52B16109A006FD7FA /* Main.storyboard */,
				5BB1DFA82B16109B006FD7FA /* Assets.xcassets */,
				5BB1DFAA2B16109B006FD7FA /* LaunchScreen.storyboard */,
			);
			path = Product1;
			sourceTree = "<group>";
		};
		5BB436B62B16EDF700FB396C /* Moduel */ = {
			isa = PBXGroup;
			children = (
			);
			path = Moduel;
			sourceTree = "<group>";
		};
		5BB436B72B16EE0500FB396C /* Controller */ = {
			isa = PBXGroup;
			children = (
				5BB1DFB62B16111E006FD7FA /* DetailViewController.swift */,
				5BB1DFB32B161107006FD7FA /* ViewController.swift */,
				5BF129ED2B173B3300FD8D70 /* InitialViewController.swift */,
			);
			path = Controller;
			sourceTree = "<group>";
		};
		5BB436B82B16EE2800FB396C /* CollectionViewCell */ = {
			isa = PBXGroup;
			children = (
				5BB1DFBD2B16116B006FD7FA /* ProductCollectionViewCell.swift */,
				5BB1DFBB2B16112E006FD7FA /* MenuCollectionViewCell.swift */,
				5BB1DFB52B16111E006FD7FA /* DetailViewCollectionViewCell.swift */,
			);
			path = CollectionViewCell;
			sourceTree = "<group>";
		};
		5BB436B92B16EE4A00FB396C /* TableViewCell */ = {
			isa = PBXGroup;
			children = (
				5BB1DFB72B16111E006FD7FA /* RecentProductTableViewCell.swift */,
			);
			path = TableViewCell;
			sourceTree = "<group>";
		};
/* End PBXGroup section */

/* Begin PBXNativeTarget section */
		5BB1DF9B2B16109A006FD7FA /* Product1 */ = {
			isa = PBXNativeTarget;
			buildConfigurationList = 5BB1DFB02B16109B006FD7FA /* Build configuration list for PBXNativeTarget "Product1" */;
			buildPhases = (
				5BB1DF982B16109A006FD7FA /* Sources */,
				5BB1DF992B16109A006FD7FA /* Frameworks */,
				5BB1DF9A2B16109A006FD7FA /* Resources */,
			);
			buildRules = (
			);
			dependencies = (
			);
			name = Product1;
			productName = Product1;
			productReference = 5BB1DF9C2B16109A006FD7FA /* Product1.app */;
			productType = "com.apple.product-type.application";
		};
/* End PBXNativeTarget section */

/* Begin PBXProject section */
		5BB1DF942B16109A006FD7FA /* Project object */ = {
			isa = PBXProject;
			attributes = {
				BuildIndependentTargetsInParallel = 1;
				LastSwiftUpdateCheck = 1420;
				LastUpgradeCheck = 1420;
				TargetAttributes = {
					5BB1DF9B2B16109A006FD7FA = {
						CreatedOnToolsVersion = 14.2;
					};
				};
			};
			buildConfigurationList = 5BB1DF972B16109A006FD7FA /* Build configuration list for PBXProject "Product1" */;
			compatibilityVersion = "Xcode 14.0";
			developmentRegion = en;
			hasScannedForEncodings = 0;
			knownRegions = (
				en,
				Base,
			);
			mainGroup = 5BB1DF932B16109A006FD7FA;
			productRefGroup = 5BB1DF9D2B16109A006FD7FA /* Products */;
			projectDirPath = "";
			projectRoot = "";
			targets = (
				5BB1DF9B2B16109A006FD7FA /* Product1 */,
			);
		};
/* End PBXProject section */

/* Begin PBXResourcesBuildPhase section */
		5BB1DF9A2B16109A006FD7FA /* Resources */ = {
			isa = PBXResourcesBuildPhase;
			buildActionMask = 2147483647;
			files = (
				5BB1DFAC2B16109B006FD7FA /* LaunchScreen.storyboard in Resources */,
				5BB1DFA92B16109B006FD7FA /* Assets.xcassets in Resources */,
				5BB1DFA72B16109A006FD7FA /* Main.storyboard in Resources */,
			);
			runOnlyForDeploymentPostprocessing = 0;
		};
/* End PBXResourcesBuildPhase section */

/* Begin PBXSourcesBuildPhase section */
		5BB1DF982B16109A006FD7FA /* Sources */ = {
			isa = PBXSourcesBuildPhase;
			buildActionMask = 2147483647;
			files = (
				5BB1DFBA2B16111E006FD7FA /* RecentProductTableViewCell.swift in Sources */,
				5BB1DFBC2B16112E006FD7FA /* MenuCollectionViewCell.swift in Sources */,
				5BB1DFBE2B16116B006FD7FA /* ProductCollectionViewCell.swift in Sources */,
				5BB1DFB42B161107006FD7FA /* ViewController.swift in Sources */,
				5BF129EE2B173B3300FD8D70 /* InitialViewController.swift in Sources */,
				5BB1DFA02B16109A006FD7FA /* AppDelegate.swift in Sources */,
				5BB1DFB92B16111E006FD7FA /* DetailViewController.swift in Sources */,
				5BB1DFB82B16111E006FD7FA /* DetailViewCollectionViewCell.swift in Sources */,
				5BB1DFA22B16109A006FD7FA /* SceneDelegate.swift in Sources */,
			);
			runOnlyForDeploymentPostprocessing = 0;
		};
/* End PBXSourcesBuildPhase section */

/* Begin PBXVariantGroup section */
		5BB1DFA52B16109A006FD7FA /* Main.storyboard */ = {
			isa = PBXVariantGroup;
			children = (
				5BB1DFA62B16109A006FD7FA /* Base */,
			);
			name = Main.storyboard;
			sourceTree = "<group>";
		};
		5BB1DFAA2B16109B006FD7FA /* LaunchScreen.storyboard */ = {
			isa = PBXVariantGroup;
			children = (
				5BB1DFAB2B16109B006FD7FA /* Base */,
			);
			name = LaunchScreen.storyboard;
			sourceTree = "<group>";
		};
/* End PBXVariantGroup section */

/* Begin XCBuildConfiguration section */
		5BB1DFAE2B16109B006FD7FA /* Debug */ = {
			isa = XCBuildConfiguration;
			buildSettings = {
				ALWAYS_SEARCH_USER_PATHS = NO;
				CLANG_ANALYZER_NONNULL = YES;
				CLANG_ANALYZER_NUMBER_OBJECT_CONVERSION = YES_AGGRESSIVE;
				CLANG_CXX_LANGUAGE_STANDARD = "gnu++20";
				CLANG_ENABLE_MODULES = YES;
				CLANG_ENABLE_OBJC_ARC = YES;
				CLANG_ENABLE_OBJC_WEAK = YES;
				CLANG_WARN_BLOCK_CAPTURE_AUTORELEASING = YES;
				CLANG_WARN_BOOL_CONVERSION = YES;
				CLANG_WARN_COMMA = YES;
				CLANG_WARN_CONSTANT_CONVERSION = YES;
				CLANG_WARN_DEPRECATED_OBJC_IMPLEMENTATIONS = YES;
				CLANG_WARN_DIRECT_OBJC_ISA_USAGE = YES_ERROR;
				CLANG_WARN_DOCUMENTATION_COMMENTS = YES;
				CLANG_WARN_EMPTY_BODY = YES;
				CLANG_WARN_ENUM_CONVERSION = YES;
				CLANG_WARN_INFINITE_RECURSION = YES;
				CLANG_WARN_INT_CONVERSION = YES;
				CLANG_WARN_NON_LITERAL_NULL_CONVERSION = YES;
				CLANG_WARN_OBJC_IMPLICIT_RETAIN_SELF = YES;
				CLANG_WARN_OBJC_LITERAL_CONVERSION = YES;
				CLANG_WARN_OBJC_ROOT_CLASS = YES_ERROR;
				CLANG_WARN_QUOTED_INCLUDE_IN_FRAMEWORK_HEADER = YES;
				CLANG_WARN_RANGE_LOOP_ANALYSIS = YES;
				CLANG_WARN_STRICT_PROTOTYPES = YES;
				CLANG_WARN_SUSPICIOUS_MOVE = YES;
				CLANG_WARN_UNGUARDED_AVAILABILITY = YES_AGGRESSIVE;
				CLANG_WARN_UNREACHABLE_CODE = YES;
				CLANG_WARN__DUPLICATE_METHOD_MATCH = YES;
				COPY_PHASE_STRIP = NO;
				DEBUG_INFORMATION_FORMAT = dwarf;
				ENABLE_STRICT_OBJC_MSGSEND = YES;
				ENABLE_TESTABILITY = YES;
				GCC_C_LANGUAGE_STANDARD = gnu11;
				GCC_DYNAMIC_NO_PIC = NO;
				GCC_NO_COMMON_BLOCKS = YES;
				GCC_OPTIMIZATION_LEVEL = 0;
				GCC_PREPROCESSOR_DEFINITIONS = (
					"DEBUG=1",
					"$(inherited)",
				);
				GCC_WARN_64_TO_32_BIT_CONVERSION = YES;
				GCC_WARN_ABOUT_RETURN_TYPE = YES_ERROR;
				GCC_WARN_UNDECLARED_SELECTOR = YES;
				GCC_WARN_UNINITIALIZED_AUTOS = YES_AGGRESSIVE;
				GCC_WARN_UNUSED_FUNCTION = YES;
				GCC_WARN_UNUSED_VARIABLE = YES;
				IPHONEOS_DEPLOYMENT_TARGET = 16.2;
				MTL_ENABLE_DEBUG_INFO = INCLUDE_SOURCE;
				MTL_FAST_MATH = YES;
				ONLY_ACTIVE_ARCH = YES;
				SDKROOT = iphoneos;
				SWIFT_ACTIVE_COMPILATION_CONDITIONS = DEBUG;
				SWIFT_OPTIMIZATION_LEVEL = "-Onone";
			};
			name = Debug;
		};
		5BB1DFAF2B16109B006FD7FA /* Release */ = {
			isa = XCBuildConfiguration;
			buildSettings = {
				ALWAYS_SEARCH_USER_PATHS = NO;
				CLANG_ANALYZER_NONNULL = YES;
				CLANG_ANALYZER_NUMBER_OBJECT_CONVERSION = YES_AGGRESSIVE;
				CLANG_CXX_LANGUAGE_STANDARD = "gnu++20";
				CLANG_ENABLE_MODULES = YES;
				CLANG_ENABLE_OBJC_ARC = YES;
				CLANG_ENABLE_OBJC_WEAK = YES;
				CLANG_WARN_BLOCK_CAPTURE_AUTORELEASING = YES;
				CLANG_WARN_BOOL_CONVERSION = YES;
				CLANG_WARN_COMMA = YES;
				CLANG_WARN_CONSTANT_CONVERSION = YES;
				CLANG_WARN_DEPRECATED_OBJC_IMPLEMENTATIONS = YES;
				CLANG_WARN_DIRECT_OBJC_ISA_USAGE = YES_ERROR;
				CLANG_WARN_DOCUMENTATION_COMMENTS = YES;
				CLANG_WARN_EMPTY_BODY = YES;
				CLANG_WARN_ENUM_CONVERSION = YES;
				CLANG_WARN_INFINITE_RECURSION = YES;
				CLANG_WARN_INT_CONVERSION = YES;
				CLANG_WARN_NON_LITERAL_NULL_CONVERSION = YES;
				CLANG_WARN_OBJC_IMPLICIT_RETAIN_SELF = YES;
				CLANG_WARN_OBJC_LITERAL_CONVERSION = YES;
				CLANG_WARN_OBJC_ROOT_CLASS = YES_ERROR;
				CLANG_WARN_QUOTED_INCLUDE_IN_FRAMEWORK_HEADER = YES;
				CLANG_WARN_RANGE_LOOP_ANALYSIS = YES;
				CLANG_WARN_STRICT_PROTOTYPES = YES;
				CLANG_WARN_SUSPICIOUS_MOVE = YES;
				CLANG_WARN_UNGUARDED_AVAILABILITY = YES_AGGRESSIVE;
				CLANG_WARN_UNREACHABLE_CODE = YES;
				CLANG_WARN__DUPLICATE_METHOD_MATCH = YES;
				COPY_PHASE_STRIP = NO;
				DEBUG_INFORMATION_FORMAT = "dwarf-with-dsym";
				ENABLE_NS_ASSERTIONS = NO;
				ENABLE_STRICT_OBJC_MSGSEND = YES;
				GCC_C_LANGUAGE_STANDARD = gnu11;
				GCC_NO_COMMON_BLOCKS = YES;
				GCC_WARN_64_TO_32_BIT_CONVERSION = YES;
				GCC_WARN_ABOUT_RETURN_TYPE = YES_ERROR;
				GCC_WARN_UNDECLARED_SELECTOR = YES;
				GCC_WARN_UNINITIALIZED_AUTOS = YES_AGGRESSIVE;
				GCC_WARN_UNUSED_FUNCTION = YES;
				GCC_WARN_UNUSED_VARIABLE = YES;
				IPHONEOS_DEPLOYMENT_TARGET = 16.2;
				MTL_ENABLE_DEBUG_INFO = NO;
				MTL_FAST_MATH = YES;
				SDKROOT = iphoneos;
				SWIFT_COMPILATION_MODE = wholemodule;
				SWIFT_OPTIMIZATION_LEVEL = "-O";
				VALIDATE_PRODUCT = YES;
			};
			name = Release;
		};
		5BB1DFB12B16109B006FD7FA /* Debug */ = {
			isa = XCBuildConfiguration;
			buildSettings = {
				ASSETCATALOG_COMPILER_APPICON_NAME = AppIcon;
				ASSETCATALOG_COMPILER_GLOBAL_ACCENT_COLOR_NAME = AccentColor;
				CODE_SIGN_STYLE = Automatic;
				CURRENT_PROJECT_VERSION = 1;
				GENERATE_INFOPLIST_FILE = YES;
				INFOPLIST_FILE = Product1/Info.plist;
				INFOPLIST_KEY_UIApplicationSupportsIndirectInputEvents = YES;
				INFOPLIST_KEY_UILaunchStoryboardName = LaunchScreen;
				INFOPLIST_KEY_UIMainStoryboardFile = Main;
				INFOPLIST_KEY_UISupportedInterfaceOrientations_iPad = "UIInterfaceOrientationPortrait UIInterfaceOrientationPortraitUpsideDown UIInterfaceOrientationLandscapeLeft UIInterfaceOrientationLandscapeRight";
				INFOPLIST_KEY_UISupportedInterfaceOrientations_iPhone = "UIInterfaceOrientationPortrait UIInterfaceOrientationLandscapeLeft UIInterfaceOrientationLandscapeRight";
				LD_RUNPATH_SEARCH_PATHS = (
					"$(inherited)",
					"@executable_path/Frameworks",
				);
				MARKETING_VERSION = 1.0;
				PRODUCT_BUNDLE_IDENTIFIER = Admin.Product1;
				PRODUCT_NAME = "$(TARGET_NAME)";
				SWIFT_EMIT_LOC_STRINGS = YES;
				SWIFT_VERSION = 5.0;
				TARGETED_DEVICE_FAMILY = "1,2";
			};
			name = Debug;
		};
		5BB1DFB22B16109B006FD7FA /* Release */ = {
			isa = XCBuildConfiguration;
			buildSettings = {
				ASSETCATALOG_COMPILER_APPICON_NAME = AppIcon;
				ASSETCATALOG_COMPILER_GLOBAL_ACCENT_COLOR_NAME = AccentColor;
				CODE_SIGN_STYLE = Automatic;
				CURRENT_PROJECT_VERSION = 1;
				GENERATE_INFOPLIST_FILE = YES;
				INFOPLIST_FILE = Product1/Info.plist;
				INFOPLIST_KEY_UIApplicationSupportsIndirectInputEvents = YES;
				INFOPLIST_KEY_UILaunchStoryboardName = LaunchScreen;
				INFOPLIST_KEY_UIMainStoryboardFile = Main;
				INFOPLIST_KEY_UISupportedInterfaceOrientations_iPad = "UIInterfaceOrientationPortrait UIInterfaceOrientationPortraitUpsideDown UIInterfaceOrientationLandscapeLeft UIInterfaceOrientationLandscapeRight";
				INFOPLIST_KEY_UISupportedInterfaceOrientations_iPhone = "UIInterfaceOrientationPortrait UIInterfaceOrientationLandscapeLeft UIInterfaceOrientationLandscapeRight";
				LD_RUNPATH_SEARCH_PATHS = (
					"$(inherited)",
					"@executable_path/Frameworks",
				);
				MARKETING_VERSION = 1.0;
				PRODUCT_BUNDLE_IDENTIFIER = Admin.Product1;
				PRODUCT_NAME = "$(TARGET_NAME)";
				SWIFT_EMIT_LOC_STRINGS = YES;
				SWIFT_VERSION = 5.0;
				TARGETED_DEVICE_FAMILY = "1,2";
			};
			name = Release;
		};
/* End XCBuildConfiguration section */

/* Begin XCConfigurationList section */
		5BB1DF972B16109A006FD7FA /* Build configuration list for PBXProject "Product1" */ = {
			isa = XCConfigurationList;
			buildConfigurations = (
				5BB1DFAE2B16109B006FD7FA /* Debug */,
				5BB1DFAF2B16109B006FD7FA /* Release */,
			);
			defaultConfigurationIsVisible = 0;
			defaultConfigurationName = Release;
		};
		5BB1DFB02B16109B006FD7FA /* Build configuration list for PBXNativeTarget "Product1" */ = {
			isa = XCConfigurationList;
			buildConfigurations = (
				5BB1DFB12B16109B006FD7FA /* Debug */,
				5BB1DFB22B16109B006FD7FA /* Release */,
			);
			defaultConfigurationIsVisible = 0;
			defaultConfigurationName = Release;
		};
/* End XCConfigurationList section */
	};
	rootObject = 5BB1DF942B16109A006FD7FA /* Project object */;
}
